// !$*UTF8*$!
{
	archiveVersion = 1;
	classes = {
	};
	objectVersion = 50;
	objects = {

/* Begin PBXBuildFile section */
		2B541764259ACEC2003AE6A2 /* AppDelegate.m in Sources */ = {isa = PBXBuildFile; fileRef = 2B541763259ACEC2003AE6A2 /* AppDelegate.m */; };
		2B541767259ACEC2003AE6A2 /* SceneDelegate.m in Sources */ = {isa = PBXBuildFile; fileRef = 2B541766259ACEC2003AE6A2 /* SceneDelegate.m */; };
		2B54176A259ACEC2003AE6A2 /* ViewController.m in Sources */ = {isa = PBXBuildFile; fileRef = 2B541769259ACEC2003AE6A2 /* ViewController.m */; };
		2B54176D259ACEC2003AE6A2 /* Main.storyboard in Resources */ = {isa = PBXBuildFile; fileRef = 2B54176B259ACEC2003AE6A2 /* Main.storyboard */; };
		2B54176F259ACEC2003AE6A2 /* Assets.xcassets in Resources */ = {isa = PBXBuildFile; fileRef = 2B54176E259ACEC2003AE6A2 /* Assets.xcassets */; };
		2B541772259ACEC2003AE6A2 /* LaunchScreen.storyboard in Resources */ = {isa = PBXBuildFile; fileRef = 2B541770259ACEC2003AE6A2 /* LaunchScreen.storyboard */; };
		2B541775259ACEC2003AE6A2 /* main.m in Sources */ = {isa = PBXBuildFile; fileRef = 2B541774259ACEC2003AE6A2 /* main.m */; };
		2B541784259AD7EF003AE6A2 /* btnData.plist in Resources */ = {isa = PBXBuildFile; fileRef = 2B541783259AD7EF003AE6A2 /* btnData.plist */; };
		763D291DAB19D5F5823E2EC3 /* libPods-calculate.a in Frameworks */ = {isa = PBXBuildFile; fileRef = EA15B4AB447EB10AB0540AE6 /* libPods-calculate.a */; };
/* End PBXBuildFile section */

/* Begin PBXFileReference section */
		2B54175F259ACEC2003AE6A2 /* calculate.app */ = {isa = PBXFileReference; explicitFileType = wrapper.application; includeInIndex = 0; path = calculate.app; sourceTree = BUILT_PRODUCTS_DIR; };
		2B541762259ACEC2003AE6A2 /* AppDelegate.h */ = {isa = PBXFileReference; lastKnownFileType = sourcecode.c.h; path = AppDelegate.h; sourceTree = "<group>"; };
		2B541763259ACEC2003AE6A2 /* AppDelegate.m */ = {isa = PBXFileReference; lastKnownFileType = sourcecode.c.objc; path = AppDelegate.m; sourceTree = "<group>"; };
		2B541765259ACEC2003AE6A2 /* SceneDelegate.h */ = {isa = PBXFileReference; lastKnownFileType = sourcecode.c.h; path = SceneDelegate.h; sourceTree = "<group>"; };
		2B541766259ACEC2003AE6A2 /* SceneDelegate.m */ = {isa = PBXFileReference; lastKnownFileType = sourcecode.c.objc; path = SceneDelegate.m; sourceTree = "<group>"; };
		2B541768259ACEC2003AE6A2 /* ViewController.h */ = {isa = PBXFileReference; lastKnownFileType = sourcecode.c.h; path = ViewController.h; sourceTree = "<group>"; };
		2B541769259ACEC2003AE6A2 /* ViewController.m */ = {isa = PBXFileReference; lastKnownFileType = sourcecode.c.objc; path = ViewController.m; sourceTree = "<group>"; };
		2B54176C259ACEC2003AE6A2 /* Base */ = {isa = PBXFileReference; lastKnownFileType = file.storyboard; name = Base; path = Base.lproj/Main.storyboard; sourceTree = "<group>"; };
		2B54176E259ACEC2003AE6A2 /* Assets.xcassets */ = {isa = PBXFileReference; lastKnownFileType = folder.assetcatalog; path = Assets.xcassets; sourceTree = "<group>"; };
		2B541771259ACEC2003AE6A2 /* Base */ = {isa = PBXFileReference; lastKnownFileType = file.storyboard; name = Base; path = Base.lproj/LaunchScreen.storyboard; sourceTree = "<group>"; };
		2B541773259ACEC2003AE6A2 /* Info.plist */ = {isa = PBXFileReference; lastKnownFileType = text.plist.xml; path = Info.plist; sourceTree = "<group>"; };
		2B541774259ACEC2003AE6A2 /* main.m */ = {isa = PBXFileReference; lastKnownFileType = sourcecode.c.objc; path = main.m; sourceTree = "<group>"; };
		2B541783259AD7EF003AE6A2 /* btnData.plist */ = {isa = PBXFileReference; lastKnownFileType = text.plist.xml; path = btnData.plist; sourceTree = "<group>"; };
		31E5FEF7ACADF996D8089D3B /* Pods-calculate.debug.xcconfig */ = {isa = PBXFileReference; includeInIndex = 1; lastKnownFileType = text.xcconfig; name = "Pods-calculate.debug.xcconfig"; path = "Target Support Files/Pods-calculate/Pods-calculate.debug.xcconfig"; sourceTree = "<group>"; };
		81E0E56FE101CED466604847 /* Pods-calculate.release.xcconfig */ = {isa = PBXFileReference; includeInIndex = 1; lastKnownFileType = text.xcconfig; name = "Pods-calculate.release.xcconfig"; path = "Target Support Files/Pods-calculate/Pods-calculate.release.xcconfig"; sourceTree = "<group>"; };
		EA15B4AB447EB10AB0540AE6 /* libPods-calculate.a */ = {isa = PBXFileReference; explicitFileType = archive.ar; includeInIndex = 0; path = "libPods-calculate.a"; sourceTree = BUILT_PRODUCTS_DIR; };
/* End PBXFileReference section */

/* Begin PBXFrameworksBuildPhase section */
		2B54175C259ACEC2003AE6A2 /* Frameworks */ = {
			isa = PBXFrameworksBuildPhase;
			buildActionMask = 2147483647;
			files = (
				763D291DAB19D5F5823E2EC3 /* libPods-calculate.a in Frameworks */,
			);
			runOnlyForDeploymentPostprocessing = 0;
		};
/* End PBXFrameworksBuildPhase section */

/* Begin PBXGroup section */
		2B541756259ACEC2003AE6A2 = {
			isa = PBXGroup;
			children = (
				2B541761259ACEC2003AE6A2 /* calculate */,
				2B541760259ACEC2003AE6A2 /* Products */,
				8B15BB35CA167F586F93A8A2 /* Pods */,
				E876AD3EB15D0A4B484BCB17 /* Frameworks */,
			);
			sourceTree = "<group>";
		};
		2B541760259ACEC2003AE6A2 /* Products */ = {
			isa = PBXGroup;
			children = (
				2B54175F259ACEC2003AE6A2 /* calculate.app */,
			);
			name = Products;
			sourceTree = "<group>";
		};
		2B541761259ACEC2003AE6A2 /* calculate */ = {
			isa = PBXGroup;
			children = (
				2B541762259ACEC2003AE6A2 /* AppDelegate.h */,
				2B541763259ACEC2003AE6A2 /* AppDelegate.m */,
				2B541765259ACEC2003AE6A2 /* SceneDelegate.h */,
				2B541766259ACEC2003AE6A2 /* SceneDelegate.m */,
				2B541768259ACEC2003AE6A2 /* ViewController.h */,
				2B541769259ACEC2003AE6A2 /* ViewController.m */,
				2B54176B259ACEC2003AE6A2 /* Main.storyboard */,
				2B54176E259ACEC2003AE6A2 /* Assets.xcassets */,
				2B541770259ACEC2003AE6A2 /* LaunchScreen.storyboard */,
				2B541773259ACEC2003AE6A2 /* Info.plist */,
				2B541774259ACEC2003AE6A2 /* main.m */,
				2B541783259AD7EF003AE6A2 /* btnData.plist */,
			);
			path = calculate;
			sourceTree = "<group>";
		};
		8B15BB35CA167F586F93A8A2 /* Pods */ = {
			isa = PBXGroup;
			children = (
				31E5FEF7ACADF996D8089D3B /* Pods-calculate.debug.xcconfig */,
				81E0E56FE101CED466604847 /* Pods-calculate.release.xcconfig */,
			);
			path = Pods;
			sourceTree = "<group>";
		};
		E876AD3EB15D0A4B484BCB17 /* Frameworks */ = {
			isa = PBXGroup;
			children = (
				EA15B4AB447EB10AB0540AE6 /* libPods-calculate.a */,
			);
			name = Frameworks;
			sourceTree = "<group>";
		};
/* End PBXGroup section */

/* Begin PBXNativeTarget section */
		2B54175E259ACEC2003AE6A2 /* calculate */ = {
			isa = PBXNativeTarget;
			buildConfigurationList = 2B541778259ACEC2003AE6A2 /* Build configuration list for PBXNativeTarget "calculate" */;
			buildPhases = (
				BE1D3241B6A265143D4F412B /* [CP] Check Pods Manifest.lock */,
				2B54175B259ACEC2003AE6A2 /* Sources */,
				2B54175C259ACEC2003AE6A2 /* Frameworks */,
				2B54175D259ACEC2003AE6A2 /* Resources */,
			);
			buildRules = (
			);
			dependencies = (
			);
			name = calculate;
			productName = calculate;
			productReference = 2B54175F259ACEC2003AE6A2 /* calculate.app */;
			productType = "com.apple.product-type.application";
		};
/* End PBXNativeTarget section */

/* Begin PBXProject section */
		2B541757259ACEC2003AE6A2 /* Project object */ = {
			isa = PBXProject;
			attributes = {
				LastUpgradeCheck = 1230;
				TargetAttributes = {
					2B54175E259ACEC2003AE6A2 = {
						CreatedOnToolsVersion = 12.3;
					};
				};
			};
			buildConfigurationList = 2B54175A259ACEC2003AE6A2 /* Build configuration list for PBXProject "calculate" */;
			compatibilityVersion = "Xcode 9.3";
			developmentRegion = en;
			hasScannedForEncodings = 0;
			knownRegions = (
				en,
				Base,
			);
			mainGroup = 2B541756259ACEC2003AE6A2;
			productRefGroup = 2B541760259ACEC2003AE6A2 /* Products */;
			projectDirPath = "";
			projectRoot = "";
			targets = (
				2B54175E259ACEC2003AE6A2 /* calculate */,
			);
		};
/* End PBXProject section */

/* Begin PBXResourcesBuildPhase section */
		2B54175D259ACEC2003AE6A2 /* Resources */ = {
			isa = PBXResourcesBuildPhase;
			buildActionMask = 2147483647;
			files = (
				2B541772259ACEC2003AE6A2 /* LaunchScreen.storyboard in Resources */,
				2B541784259AD7EF003AE6A2 /* btnData.plist in Resources */,
				2B54176F259ACEC2003AE6A2 /* Assets.xcassets in Resources */,
				2B54176D259ACEC2003AE6A2 /* Main.storyboard in Resources */,
			);
			runOnlyForDeploymentPostprocessing = 0;
		};
/* End PBXResourcesBuildPhase section */

/* Begin PBXShellScriptBuildPhase section */
		BE1D3241B6A265143D4F412B /* [CP] Check Pods Manifest.lock */ = {
			isa = PBXShellScriptBuildPhase;
			buildActionMask = 2147483647;
			files = (
			);
			inputFileListPaths = (
			);
			inputPaths = (
				"${PODS_PODFILE_DIR_PATH}/Podfile.lock",
				"${PODS_ROOT}/Manifest.lock",
			);
			name = "[CP] Check Pods Manifest.lock";
			outputFileListPaths = (
			);
			outputPaths = (
				"$(DERIVED_FILE_DIR)/Pods-calculate-checkManifestLockResult.txt",
			);
			runOnlyForDeploymentPostprocessing = 0;
			shellPath = /bin/sh;
			shellScript = "diff \"${PODS_PODFILE_DIR_PATH}/Podfile.lock\" \"${PODS_ROOT}/Manifest.lock\" > /dev/null\nif [ $? != 0 ] ; then\n    # print error to STDERR\n    echo \"error: The sandbox is not in sync with the Podfile.lock. Run 'pod install' or update your CocoaPods installation.\" >&2\n    exit 1\nfi\n# This output is used by Xcode 'outputs' to avoid re-running this script phase.\necho \"SUCCESS\" > \"${SCRIPT_OUTPUT_FILE_0}\"\n";
			showEnvVarsInLog = 0;
		};
/* End PBXShellScriptBuildPhase section */

/* Begin PBXSourcesBuildPhase section */
		2B54175B259ACEC2003AE6A2 /* Sources */ = {
			isa = PBXSourcesBuildPhase;
			buildActionMask = 2147483647;
			files = (
				2B54176A259ACEC2003AE6A2 /* ViewController.m in Sources */,
				2B541764259ACEC2003AE6A2 /* AppDelegate.m in Sources */,
				2B541775259ACEC2003AE6A2 /* main.m in Sources */,
				2B541767259ACEC2003AE6A2 /* SceneDelegate.m in Sources */,
			);
			runOnlyForDeploymentPostprocessing = 0;
		};
/* End PBXSourcesBuildPhase section */

/* Begin PBXVariantGroup section */
		2B54176B259ACEC2003AE6A2 /* Main.storyboard */ = {
			isa = PBXVariantGroup;
			children = (
				2B54176C259ACEC2003AE6A2 /* Base */,
			);
			name = Main.storyboard;
			sourceTree = "<group>";
		};
		2B541770259ACEC2003AE6A2 /* LaunchScreen.storyboard */ = {
			isa = PBXVariantGroup;
			children = (
				2B541771259ACEC2003AE6A2 /* Base */,
			);
			name = LaunchScreen.storyboard;
			sourceTree = "<group>";
		};
/* End PBXVariantGroup section */

/* Begin XCBuildConfiguration section */
		2B541776259ACEC2003AE6A2 /* Debug */ = {
			isa = XCBuildConfiguration;
			buildSettings = {
				ALWAYS_SEARCH_USER_PATHS = NO;
				CLANG_ANALYZER_NONNULL = YES;
				CLANG_ANALYZER_NUMBER_OBJECT_CONVERSION = YES_AGGRESSIVE;
				CLANG_CXX_LANGUAGE_STANDARD = "gnu++14";
				CLANG_CXX_LIBRARY = "libc++";
				CLANG_ENABLE_MODULES = YES;
				CLANG_ENABLE_OBJC_ARC = YES;
				CLANG_ENABLE_OBJC_WEAK = YES;
				CLANG_WARN_BLOCK_CAPTURE_AUTORELEASING = YES;
				CLANG_WARN_BOOL_CONVERSION = YES;
				CLANG_WARN_COMMA = YES;
				CLANG_WARN_CONSTANT_CONVERSION = YES;
				CLANG_WARN_DEPRECATED_OBJC_IMPLEMENTATIONS = YES;
				CLANG_WARN_DIRECT_OBJC_ISA_USAGE = YES_ERROR;
				CLANG_WARN_DOCUMENTATION_COMMENTS = YES;
				CLANG_WARN_EMPTY_BODY = YES;
				CLANG_WARN_ENUM_CONVERSION = YES;
				CLANG_WARN_INFINITE_RECURSION = YES;
				CLANG_WARN_INT_CONVERSION = YES;
				CLANG_WARN_NON_LITERAL_NULL_CONVERSION = YES;
				CLANG_WARN_OBJC_IMPLICIT_RETAIN_SELF = YES;
				CLANG_WARN_OBJC_LITERAL_CONVERSION = YES;
				CLANG_WARN_OBJC_ROOT_CLASS = YES_ERROR;
				CLANG_WARN_QUOTED_INCLUDE_IN_FRAMEWORK_HEADER = YES;
				CLANG_WARN_RANGE_LOOP_ANALYSIS = YES;
				CLANG_WARN_STRICT_PROTOTYPES = YES;
				CLANG_WARN_SUSPICIOUS_MOVE = YES;
				CLANG_WARN_UNGUARDED_AVAILABILITY = YES_AGGRESSIVE;
				CLANG_WARN_UNREACHABLE_CODE = YES;
				CLANG_WARN__DUPLICATE_METHOD_MATCH = YES;
				COPY_PHASE_STRIP = NO;
				DEBUG_INFORMATION_FORMAT = dwarf;
				ENABLE_STRICT_OBJC_MSGSEND = YES;
				ENABLE_TESTABILITY = YES;
				GCC_C_LANGUAGE_STANDARD = gnu11;
				GCC_DYNAMIC_NO_PIC = NO;
				GCC_NO_COMMON_BLOCKS = YES;
				GCC_OPTIMIZATION_LEVEL = 0;
				GCC_PREPROCESSOR_DEFINITIONS = (
					"DEBUG=1",
					"$(inherited)",
				);
				GCC_WARN_64_TO_32_BIT_CONVERSION = YES;
				GCC_WARN_ABOUT_RETURN_TYPE = YES_ERROR;
				GCC_WARN_UNDECLARED_SELECTOR = YES;
				GCC_WARN_UNINITIALIZED_AUTOS = YES_AGGRESSIVE;
				GCC_WARN_UNUSED_FUNCTION = YES;
				GCC_WARN_UNUSED_VARIABLE = YES;
				IPHONEOS_DEPLOYMENT_TARGET = 14.3;
				MTL_ENABLE_DEBUG_INFO = INCLUDE_SOURCE;
				MTL_FAST_MATH = YES;
				ONLY_ACTIVE_ARCH = YES;
				SDKROOT = iphoneos;
			};
			name = Debug;
		};
		2B541777259ACEC2003AE6A2 /* Release */ = {
			isa = XCBuildConfiguration;
			buildSettings = {
				ALWAYS_SEARCH_USER_PATHS = NO;
				CLANG_ANALYZER_NONNULL = YES;
				CLANG_ANALYZER_NUMBER_OBJECT_CONVERSION = YES_AGGRESSIVE;
				CLANG_CXX_LANGUAGE_STANDARD = "gnu++14";
				CLANG_CXX_LIBRARY = "libc++";
				CLANG_ENABLE_MODULES = YES;
				CLANG_ENABLE_OBJC_ARC = YES;
				CLANG_ENABLE_OBJC_WEAK = YES;
				CLANG_WARN_BLOCK_CAPTURE_AUTORELEASING = YES;
				CLANG_WARN_BOOL_CONVERSION = YES;
				CLANG_WARN_COMMA = YES;
				CLANG_WARN_CONSTANT_CONVERSION = YES;
				CLANG_WARN_DEPRECATED_OBJC_IMPLEMENTATIONS = YES;
				CLANG_WARN_DIRECT_OBJC_ISA_USAGE = YES_ERROR;
				CLANG_WARN_DOCUMENTATION_COMMENTS = YES;
				CLANG_WARN_EMPTY_BODY = YES;
				CLANG_WARN_ENUM_CONVERSION = YES;
				CLANG_WARN_INFINITE_RECURSION = YES;
				CLANG_WARN_INT_CONVERSION = YES;
				CLANG_WARN_NON_LITERAL_NULL_CONVERSION = YES;
				CLANG_WARN_OBJC_IMPLICIT_RETAIN_SELF = YES;
				CLANG_WARN_OBJC_LITERAL_CONVERSION = YES;
				CLANG_WARN_OBJC_ROOT_CLASS = YES_ERROR;
				CLANG_WARN_QUOTED_INCLUDE_IN_FRAMEWORK_HEADER = YES;
				CLANG_WARN_RANGE_LOOP_ANALYSIS = YES;
				CLANG_WARN_STRICT_PROTOTYPES = YES;
				CLANG_WARN_SUSPICIOUS_MOVE = YES;
				CLANG_WARN_UNGUARDED_AVAILABILITY = YES_AGGRESSIVE;
				CLANG_WARN_UNREACHABLE_CODE = YES;
				CLANG_WARN__DUPLICATE_METHOD_MATCH = YES;
				COPY_PHASE_STRIP = NO;
				DEBUG_INFORMATION_FORMAT = "dwarf-with-dsym";
				ENABLE_NS_ASSERTIONS = NO;
				ENABLE_STRICT_OBJC_MSGSEND = YES;
				GCC_C_LANGUAGE_STANDARD = gnu11;
				GCC_NO_COMMON_BLOCKS = YES;
				GCC_WARN_64_TO_32_BIT_CONVERSION = YES;
				GCC_WARN_ABOUT_RETURN_TYPE = YES_ERROR;
				GCC_WARN_UNDECLARED_SELECTOR = YES;
				GCC_WARN_UNINITIALIZED_AUTOS = YES_AGGRESSIVE;
				GCC_WARN_UNUSED_FUNCTION = YES;
				GCC_WARN_UNUSED_VARIABLE = YES;
				IPHONEOS_DEPLOYMENT_TARGET = 14.3;
				MTL_ENABLE_DEBUG_INFO = NO;
				MTL_FAST_MATH = YES;
				SDKROOT = iphoneos;
				VALIDATE_PRODUCT = YES;
			};
			name = Release;
		};
		2B541779259ACEC2003AE6A2 /* Debug */ = {
			isa = XCBuildConfiguration;
			baseConfigurationReference = 31E5FEF7ACADF996D8089D3B /* Pods-calculate.debug.xcconfig */;
			buildSettings = {
				ASSETCATALOG_COMPILER_APPICON_NAME = AppIcon;
				ASSETCATALOG_COMPILER_GLOBAL_ACCENT_COLOR_NAME = AccentColor;
				CODE_SIGN_STYLE = Automatic;
				DEVELOPMENT_TEAM = U57SFU85L9;
				INFOPLIST_FILE = calculate/Info.plist;
				LD_RUNPATH_SEARCH_PATHS = (
					"$(inherited)",
					"@executable_path/Frameworks",
				);
				PRODUCT_BUNDLE_IDENTIFIER = BD.kindoms.calculate;
				PRODUCT_NAME = "$(TARGET_NAME)";
				TARGETED_DEVICE_FAMILY = "1,2";
			};
			name = Debug;
		};
		2B54177A259ACEC2003AE6A2 /* Release */ = {
			isa = XCBuildConfiguration;
			baseConfigurationReference = 81E0E56FE101CED466604847 /* Pods-calculate.release.xcconfig */;
			buildSettings = {
				ASSETCATALOG_COMPILER_APPICON_NAME = AppIcon;
				ASSETCATALOG_COMPILER_GLOBAL_ACCENT_COLOR_NAME = AccentColor;
				CODE_SIGN_STYLE = Automatic;
				DEVELOPMENT_TEAM = U57SFU85L9;
				INFOPLIST_FILE = calculate/Info.plist;
				LD_RUNPATH_SEARCH_PATHS = (
					"$(inherited)",
					"@executable_path/Frameworks",
				);
				PRODUCT_BUNDLE_IDENTIFIER = BD.kindoms.calculate;
				PRODUCT_NAME = "$(TARGET_NAME)";
				TARGETED_DEVICE_FAMILY = "1,2";
			};
			name = Release;
		};
/* End XCBuildConfiguration section */

/* Begin XCConfigurationList section */
		2B54175A259ACEC2003AE6A2 /* Build configuration list for PBXProject "calculate" */ = {
			isa = XCConfigurationList;
			buildConfigurations = (
				2B541776259ACEC2003AE6A2 /* Debug */,
				2B541777259ACEC2003AE6A2 /* Release */,
			);
			defaultConfigurationIsVisible = 0;
			defaultConfigurationName = Release;
		};
		2B541778259ACEC2003AE6A2 /* Build configuration list for PBXNativeTarget "calculate" */ = {
			isa = XCConfigurationList;
			buildConfigurations = (
				2B541779259ACEC2003AE6A2 /* Debug */,
				2B54177A259ACEC2003AE6A2 /* Release */,
			);
			defaultConfigurationIsVisible = 0;
			defaultConfigurationName = Release;
		};
/* End XCConfigurationList section */
	};
	rootObject = 2B541757259ACEC2003AE6A2 /* Project object */;
}
